// !$*UTF8*$!
{
	archiveVersion = 1;
	classes = {
	};
	objectVersion = 52;
	objects = {

/* Begin PBXBuildFile section */
		9F15B2B4247C656200151D08 /* Dollar.png in Resources */ = {isa = PBXBuildFile; fileRef = 9F15B2B3247C656200151D08 /* Dollar.png */; };
		9F15B2B9247C662C00151D08 /* ADollar.png in Resources */ = {isa = PBXBuildFile; fileRef = 9F15B2B5247C662C00151D08 /* ADollar.png */; };
		9F15B2BA247C662C00151D08 /* CDollar.png in Resources */ = {isa = PBXBuildFile; fileRef = 9F15B2B6247C662C00151D08 /* CDollar.png */; };
		9F15B2BB247C662C00151D08 /* PZloty.png in Resources */ = {isa = PBXBuildFile; fileRef = 9F15B2B7247C662C00151D08 /* PZloty.png */; };
		9F15B2BC247C662C00151D08 /* MPeso.png in Resources */ = {isa = PBXBuildFile; fileRef = 9F15B2B8247C662C00151D08 /* MPeso.png */; };
		9F48170B247ADFF8007D8BDD /* Converter.swift in Sources */ = {isa = PBXBuildFile; fileRef = 9F48170A247ADFF8007D8BDD /* Converter.swift */; };
		9F48170D247AE00C007D8BDD /* MainData.swift in Sources */ = {isa = PBXBuildFile; fileRef = 9F48170C247AE00C007D8BDD /* MainData.swift */; };
		9F48171B247BFDF3007D8BDD /* mainTableViewCell.swift in Sources */ = {isa = PBXBuildFile; fileRef = 9F48171A247BFDF3007D8BDD /* mainTableViewCell.swift */; };
		9F48171D247C0049007D8BDD /* Extensions+ViewController.swift in Sources */ = {isa = PBXBuildFile; fileRef = 9F48171C247C0049007D8BDD /* Extensions+ViewController.swift */; };
		9F48171F247C017B007D8BDD /* DataSource.swift in Sources */ = {isa = PBXBuildFile; fileRef = 9F48171E247C017B007D8BDD /* DataSource.swift */; };
		9F7EB637247EB8CF00267D7D /* down.png in Resources */ = {isa = PBXBuildFile; fileRef = 9F7EB635247EB8CF00267D7D /* down.png */; };
		9F7EB638247EB8CF00267D7D /* up.png in Resources */ = {isa = PBXBuildFile; fileRef = 9F7EB636247EB8CF00267D7D /* up.png */; };
		9F7EB63A247EBA0300267D7D /* equal.png in Resources */ = {isa = PBXBuildFile; fileRef = 9F7EB639247EBA0300267D7D /* equal.png */; };
		9F7EB63D247EBB8200267D7D /* TweeTextField in Frameworks */ = {isa = PBXBuildFile; productRef = 9F7EB63C247EBB8200267D7D /* TweeTextField */; };
		9FB8571B247D853E001DEE97 /* history.png in Resources */ = {isa = PBXBuildFile; fileRef = 9FB8571A247D853E001DEE97 /* history.png */; };
		9FB8571D247D85A5001DEE97 /* bank.png in Resources */ = {isa = PBXBuildFile; fileRef = 9FB8571C247D85A5001DEE97 /* bank.png */; };
		9FB85720247D85F7001DEE97 /* HistoryViewController.swift in Sources */ = {isa = PBXBuildFile; fileRef = 9FB8571F247D85F7001DEE97 /* HistoryViewController.swift */; };
		9FB85722247D8708001DEE97 /* Extensions+HistoryViewController.swift in Sources */ = {isa = PBXBuildFile; fileRef = 9FB85721247D8708001DEE97 /* Extensions+HistoryViewController.swift */; };
		9FD746562473E15700454143 /* AppDelegate.swift in Sources */ = {isa = PBXBuildFile; fileRef = 9FD746552473E15700454143 /* AppDelegate.swift */; };
		9FD746582473E15700454143 /* SceneDelegate.swift in Sources */ = {isa = PBXBuildFile; fileRef = 9FD746572473E15700454143 /* SceneDelegate.swift */; };
		9FD7465A2473E15700454143 /* ViewController.swift in Sources */ = {isa = PBXBuildFile; fileRef = 9FD746592473E15700454143 /* ViewController.swift */; };
		9FD7465D2473E15700454143 /* Main.storyboard in Resources */ = {isa = PBXBuildFile; fileRef = 9FD7465B2473E15700454143 /* Main.storyboard */; };
		9FD746602473E15700454143 /* Currency_Converter.xcdatamodeld in Sources */ = {isa = PBXBuildFile; fileRef = 9FD7465E2473E15700454143 /* Currency_Converter.xcdatamodeld */; };
		9FD746622473E15900454143 /* Assets.xcassets in Resources */ = {isa = PBXBuildFile; fileRef = 9FD746612473E15900454143 /* Assets.xcassets */; };
		9FD746652473E15900454143 /* LaunchScreen.storyboard in Resources */ = {isa = PBXBuildFile; fileRef = 9FD746632473E15900454143 /* LaunchScreen.storyboard */; };
/* End PBXBuildFile section */

/* Begin PBXFileReference section */
		9F15B2B3247C656200151D08 /* Dollar.png */ = {isa = PBXFileReference; lastKnownFileType = image.png; path = Dollar.png; sourceTree = "<group>"; };
		9F15B2B5247C662C00151D08 /* ADollar.png */ = {isa = PBXFileReference; lastKnownFileType = image.png; path = ADollar.png; sourceTree = "<group>"; };
		9F15B2B6247C662C00151D08 /* CDollar.png */ = {isa = PBXFileReference; lastKnownFileType = image.png; path = CDollar.png; sourceTree = "<group>"; };
		9F15B2B7247C662C00151D08 /* PZloty.png */ = {isa = PBXFileReference; lastKnownFileType = image.png; path = PZloty.png; sourceTree = "<group>"; };
		9F15B2B8247C662C00151D08 /* MPeso.png */ = {isa = PBXFileReference; lastKnownFileType = image.png; path = MPeso.png; sourceTree = "<group>"; };
		9F48170A247ADFF8007D8BDD /* Converter.swift */ = {isa = PBXFileReference; lastKnownFileType = sourcecode.swift; path = Converter.swift; sourceTree = "<group>"; };
		9F48170C247AE00C007D8BDD /* MainData.swift */ = {isa = PBXFileReference; lastKnownFileType = sourcecode.swift; path = MainData.swift; sourceTree = "<group>"; };
		9F48171A247BFDF3007D8BDD /* mainTableViewCell.swift */ = {isa = PBXFileReference; lastKnownFileType = sourcecode.swift; path = mainTableViewCell.swift; sourceTree = "<group>"; };
		9F48171C247C0049007D8BDD /* Extensions+ViewController.swift */ = {isa = PBXFileReference; lastKnownFileType = sourcecode.swift; path = "Extensions+ViewController.swift"; sourceTree = "<group>"; };
		9F48171E247C017B007D8BDD /* DataSource.swift */ = {isa = PBXFileReference; lastKnownFileType = sourcecode.swift; path = DataSource.swift; sourceTree = "<group>"; };
		9F7EB635247EB8CF00267D7D /* down.png */ = {isa = PBXFileReference; lastKnownFileType = image.png; path = down.png; sourceTree = "<group>"; };
		9F7EB636247EB8CF00267D7D /* up.png */ = {isa = PBXFileReference; lastKnownFileType = image.png; path = up.png; sourceTree = "<group>"; };
		9F7EB639247EBA0300267D7D /* equal.png */ = {isa = PBXFileReference; lastKnownFileType = image.png; path = equal.png; sourceTree = "<group>"; };
		9FB8571A247D853E001DEE97 /* history.png */ = {isa = PBXFileReference; lastKnownFileType = image.png; path = history.png; sourceTree = "<group>"; };
		9FB8571C247D85A5001DEE97 /* bank.png */ = {isa = PBXFileReference; lastKnownFileType = image.png; path = bank.png; sourceTree = "<group>"; };
		9FB8571F247D85F7001DEE97 /* HistoryViewController.swift */ = {isa = PBXFileReference; lastKnownFileType = sourcecode.swift; path = HistoryViewController.swift; sourceTree = "<group>"; };
		9FB85721247D8708001DEE97 /* Extensions+HistoryViewController.swift */ = {isa = PBXFileReference; lastKnownFileType = sourcecode.swift; path = "Extensions+HistoryViewController.swift"; sourceTree = "<group>"; };
		9FD746522473E15700454143 /* Currency Converter.app */ = {isa = PBXFileReference; explicitFileType = wrapper.application; includeInIndex = 0; path = "Currency Converter.app"; sourceTree = BUILT_PRODUCTS_DIR; };
		9FD746552473E15700454143 /* AppDelegate.swift */ = {isa = PBXFileReference; lastKnownFileType = sourcecode.swift; path = AppDelegate.swift; sourceTree = "<group>"; };
		9FD746572473E15700454143 /* SceneDelegate.swift */ = {isa = PBXFileReference; lastKnownFileType = sourcecode.swift; path = SceneDelegate.swift; sourceTree = "<group>"; };
		9FD746592473E15700454143 /* ViewController.swift */ = {isa = PBXFileReference; lastKnownFileType = sourcecode.swift; path = ViewController.swift; sourceTree = "<group>"; };
		9FD7465C2473E15700454143 /* Base */ = {isa = PBXFileReference; lastKnownFileType = file.storyboard; name = Base; path = Base.lproj/Main.storyboard; sourceTree = "<group>"; };
		9FD7465F2473E15700454143 /* Currency_Converter.xcdatamodel */ = {isa = PBXFileReference; lastKnownFileType = wrapper.xcdatamodel; path = Currency_Converter.xcdatamodel; sourceTree = "<group>"; };
		9FD746612473E15900454143 /* Assets.xcassets */ = {isa = PBXFileReference; lastKnownFileType = folder.assetcatalog; path = Assets.xcassets; sourceTree = "<group>"; };
		9FD746642473E15900454143 /* Base */ = {isa = PBXFileReference; lastKnownFileType = file.storyboard; name = Base; path = Base.lproj/LaunchScreen.storyboard; sourceTree = "<group>"; };
		9FD746662473E15900454143 /* Info.plist */ = {isa = PBXFileReference; lastKnownFileType = text.plist.xml; path = Info.plist; sourceTree = "<group>"; };
/* End PBXFileReference section */

/* Begin PBXFrameworksBuildPhase section */
		9FD7464F2473E15700454143 /* Frameworks */ = {
			isa = PBXFrameworksBuildPhase;
			buildActionMask = 2147483647;
			files = (
				9F7EB63D247EBB8200267D7D /* TweeTextField in Frameworks */,
			);
			runOnlyForDeploymentPostprocessing = 0;
		};
/* End PBXFrameworksBuildPhase section */

/* Begin PBXGroup section */
		9F48170E247AE1E3007D8BDD /* Resources */ = {
			isa = PBXGroup;
			children = (
				9F48170F247AE1EC007D8BDD /* Images */,
			);
			path = Resources;
			sourceTree = "<group>";
		};
		9F48170F247AE1EC007D8BDD /* Images */ = {
			isa = PBXGroup;
			children = (
				9FB8571A247D853E001DEE97 /* history.png */,
				9F7EB635247EB8CF00267D7D /* down.png */,
				9F7EB636247EB8CF00267D7D /* up.png */,
				9F7EB639247EBA0300267D7D /* equal.png */,
				9FB8571C247D85A5001DEE97 /* bank.png */,
				9F15B2B3247C656200151D08 /* Dollar.png */,
				9F15B2B5247C662C00151D08 /* ADollar.png */,
				9F15B2B6247C662C00151D08 /* CDollar.png */,
				9F15B2B8247C662C00151D08 /* MPeso.png */,
				9F15B2B7247C662C00151D08 /* PZloty.png */,
			);
			path = Images;
			sourceTree = "<group>";
		};
		9FB8571E247D85DD001DEE97 /* History View Controller */ = {
			isa = PBXGroup;
			children = (
				9FB8571F247D85F7001DEE97 /* HistoryViewController.swift */,
			);
			path = "History View Controller";
			sourceTree = "<group>";
		};
		9FD746492473E15700454143 = {
			isa = PBXGroup;
			children = (
				9FD746542473E15700454143 /* Currency Converter */,
				9FD746532473E15700454143 /* Products */,
			);
			sourceTree = "<group>";
		};
		9FD746532473E15700454143 /* Products */ = {
			isa = PBXGroup;
			children = (
				9FD746522473E15700454143 /* Currency Converter.app */,
			);
			name = Products;
			sourceTree = "<group>";
		};
		9FD746542473E15700454143 /* Currency Converter */ = {
			isa = PBXGroup;
			children = (
				9FD7466C2473E1A100454143 /* AppFiles */,
				9FD7466F2473E1BE00454143 /* Models */,
				9FD746722473E21800454143 /* StroryBoards */,
			);
			path = "Currency Converter";
			sourceTree = "<group>";
		};
		9FD7466C2473E1A100454143 /* AppFiles */ = {
			isa = PBXGroup;
			children = (
				9F48170E247AE1E3007D8BDD /* Resources */,
				9FD746742473E23C00454143 /* Files */,
				9FD746702473E1C500454143 /* Extensions */,
				9FD7466E2473E1B600454143 /* Views */,
				9FD7466D2473E1AF00454143 /* Base */,
			);
			path = AppFiles;
			sourceTree = "<group>";
		};
		9FD7466D2473E1AF00454143 /* Base */ = {
			isa = PBXGroup;
			children = (
				9F48170A247ADFF8007D8BDD /* Converter.swift */,
				9F48170C247AE00C007D8BDD /* MainData.swift */,
				9F48171E247C017B007D8BDD /* DataSource.swift */,
			);
			path = Base;
			sourceTree = "<group>";
		};
		9FD7466E2473E1B600454143 /* Views */ = {
			isa = PBXGroup;
			children = (
				9F48171A247BFDF3007D8BDD /* mainTableViewCell.swift */,
			);
			path = Views;
			sourceTree = "<group>";
		};
		9FD7466F2473E1BE00454143 /* Models */ = {
			isa = PBXGroup;
			children = (
				9FB8571E247D85DD001DEE97 /* History View Controller */,
				9FD746712473E1D100454143 /* Main View Controller */,
			);
			path = Models;
			sourceTree = "<group>";
		};
		9FD746702473E1C500454143 /* Extensions */ = {
			isa = PBXGroup;
			children = (
				9F48171C247C0049007D8BDD /* Extensions+ViewController.swift */,
				9FB85721247D8708001DEE97 /* Extensions+HistoryViewController.swift */,
			);
			path = Extensions;
			sourceTree = "<group>";
		};
		9FD746712473E1D100454143 /* Main View Controller */ = {
			isa = PBXGroup;
			children = (
				9FD746592473E15700454143 /* ViewController.swift */,
			);
			path = "Main View Controller";
			sourceTree = "<group>";
		};
		9FD746722473E21800454143 /* StroryBoards */ = {
			isa = PBXGroup;
			children = (
				9FD7465B2473E15700454143 /* Main.storyboard */,
			);
			path = StroryBoards;
			sourceTree = "<group>";
		};
		9FD746742473E23C00454143 /* Files */ = {
			isa = PBXGroup;
			children = (
				9FD746632473E15900454143 /* LaunchScreen.storyboard */,
				9FD746552473E15700454143 /* AppDelegate.swift */,
				9FD746612473E15900454143 /* Assets.xcassets */,
				9FD746572473E15700454143 /* SceneDelegate.swift */,
				9FD7465E2473E15700454143 /* Currency_Converter.xcdatamodeld */,
				9FD746662473E15900454143 /* Info.plist */,
			);
			name = Files;
			sourceTree = "<group>";
		};
/* End PBXGroup section */

/* Begin PBXNativeTarget section */
		9FD746512473E15700454143 /* Currency Converter */ = {
			isa = PBXNativeTarget;
			buildConfigurationList = 9FD746692473E15900454143 /* Build configuration list for PBXNativeTarget "Currency Converter" */;
			buildPhases = (
				9FD7464E2473E15700454143 /* Sources */,
				9FD7464F2473E15700454143 /* Frameworks */,
				9FD746502473E15700454143 /* Resources */,
			);
			buildRules = (
			);
			dependencies = (
			);
			name = "Currency Converter";
			packageProductDependencies = (
				9F7EB63C247EBB8200267D7D /* TweeTextField */,
			);
			productName = "Currency Converter";
			productReference = 9FD746522473E15700454143 /* Currency Converter.app */;
			productType = "com.apple.product-type.application";
		};
/* End PBXNativeTarget section */

/* Begin PBXProject section */
		9FD7464A2473E15700454143 /* Project object */ = {
			isa = PBXProject;
			attributes = {
				LastSwiftUpdateCheck = 1130;
				LastUpgradeCheck = 1130;
				ORGANIZATIONNAME = "Sasha Putsikovich";
				TargetAttributes = {
					9FD746512473E15700454143 = {
						CreatedOnToolsVersion = 11.3.1;
					};
				};
			};
			buildConfigurationList = 9FD7464D2473E15700454143 /* Build configuration list for PBXProject "Currency Converter" */;
			compatibilityVersion = "Xcode 9.3";
			developmentRegion = en;
			hasScannedForEncodings = 0;
			knownRegions = (
				en,
				Base,
			);
			mainGroup = 9FD746492473E15700454143;
			packageReferences = (
				9F7EB63B247EBB8200267D7D /* XCRemoteSwiftPackageReference "TweeTextField" */,
			);
			productRefGroup = 9FD746532473E15700454143 /* Products */;
			projectDirPath = "";
			projectRoot = "";
			targets = (
				9FD746512473E15700454143 /* Currency Converter */,
			);
		};
/* End PBXProject section */

/* Begin PBXResourcesBuildPhase section */
		9FD746502473E15700454143 /* Resources */ = {
			isa = PBXResourcesBuildPhase;
			buildActionMask = 2147483647;
			files = (
				9FB8571B247D853E001DEE97 /* history.png in Resources */,
				9FB8571D247D85A5001DEE97 /* bank.png in Resources */,
				9F15B2B4247C656200151D08 /* Dollar.png in Resources */,
				9F15B2BA247C662C00151D08 /* CDollar.png in Resources */,
				9F15B2BC247C662C00151D08 /* MPeso.png in Resources */,
				9F7EB637247EB8CF00267D7D /* down.png in Resources */,
				9F7EB638247EB8CF00267D7D /* up.png in Resources */,
				9FD746652473E15900454143 /* LaunchScreen.storyboard in Resources */,
				9F15B2B9247C662C00151D08 /* ADollar.png in Resources */,
				9F7EB63A247EBA0300267D7D /* equal.png in Resources */,
				9FD746622473E15900454143 /* Assets.xcassets in Resources */,
				9FD7465D2473E15700454143 /* Main.storyboard in Resources */,
				9F15B2BB247C662C00151D08 /* PZloty.png in Resources */,
			);
			runOnlyForDeploymentPostprocessing = 0;
		};
/* End PBXResourcesBuildPhase section */

/* Begin PBXSourcesBuildPhase section */
		9FD7464E2473E15700454143 /* Sources */ = {
			isa = PBXSourcesBuildPhase;
			buildActionMask = 2147483647;
			files = (
				9FD7465A2473E15700454143 /* ViewController.swift in Sources */,
				9F48171B247BFDF3007D8BDD /* mainTableViewCell.swift in Sources */,
				9FD746602473E15700454143 /* Currency_Converter.xcdatamodeld in Sources */,
				9FB85720247D85F7001DEE97 /* HistoryViewController.swift in Sources */,
				9F48171F247C017B007D8BDD /* DataSource.swift in Sources */,
				9FD746562473E15700454143 /* AppDelegate.swift in Sources */,
				9F48171D247C0049007D8BDD /* Extensions+ViewController.swift in Sources */,
				9FB85722247D8708001DEE97 /* Extensions+HistoryViewController.swift in Sources */,
				9FD746582473E15700454143 /* SceneDelegate.swift in Sources */,
				9F48170D247AE00C007D8BDD /* MainData.swift in Sources */,
				9F48170B247ADFF8007D8BDD /* Converter.swift in Sources */,
			);
			runOnlyForDeploymentPostprocessing = 0;
		};
/* End PBXSourcesBuildPhase section */

/* Begin PBXVariantGroup section */
		9FD7465B2473E15700454143 /* Main.storyboard */ = {
			isa = PBXVariantGroup;
			children = (
				9FD7465C2473E15700454143 /* Base */,
			);
			name = Main.storyboard;
			sourceTree = "<group>";
		};
		9FD746632473E15900454143 /* LaunchScreen.storyboard */ = {
			isa = PBXVariantGroup;
			children = (
				9FD746642473E15900454143 /* Base */,
			);
			name = LaunchScreen.storyboard;
			sourceTree = "<group>";
		};
/* End PBXVariantGroup section */

/* Begin XCBuildConfiguration section */
		9FD746672473E15900454143 /* Debug */ = {
			isa = XCBuildConfiguration;
			buildSettings = {
				ALWAYS_SEARCH_USER_PATHS = NO;
				CLANG_ANALYZER_NONNULL = YES;
				CLANG_ANALYZER_NUMBER_OBJECT_CONVERSION = YES_AGGRESSIVE;
				CLANG_CXX_LANGUAGE_STANDARD = "gnu++14";
				CLANG_CXX_LIBRARY = "libc++";
				CLANG_ENABLE_MODULES = YES;
				CLANG_ENABLE_OBJC_ARC = YES;
				CLANG_ENABLE_OBJC_WEAK = YES;
				CLANG_WARN_BLOCK_CAPTURE_AUTORELEASING = YES;
				CLANG_WARN_BOOL_CONVERSION = YES;
				CLANG_WARN_COMMA = YES;
				CLANG_WARN_CONSTANT_CONVERSION = YES;
				CLANG_WARN_DEPRECATED_OBJC_IMPLEMENTATIONS = YES;
				CLANG_WARN_DIRECT_OBJC_ISA_USAGE = YES_ERROR;
				CLANG_WARN_DOCUMENTATION_COMMENTS = YES;
				CLANG_WARN_EMPTY_BODY = YES;
				CLANG_WARN_ENUM_CONVERSION = YES;
				CLANG_WARN_INFINITE_RECURSION = YES;
				CLANG_WARN_INT_CONVERSION = YES;
				CLANG_WARN_NON_LITERAL_NULL_CONVERSION = YES;
				CLANG_WARN_OBJC_IMPLICIT_RETAIN_SELF = YES;
				CLANG_WARN_OBJC_LITERAL_CONVERSION = YES;
				CLANG_WARN_OBJC_ROOT_CLASS = YES_ERROR;
				CLANG_WARN_RANGE_LOOP_ANALYSIS = YES;
				CLANG_WARN_STRICT_PROTOTYPES = YES;
				CLANG_WARN_SUSPICIOUS_MOVE = YES;
				CLANG_WARN_UNGUARDED_AVAILABILITY = YES_AGGRESSIVE;
				CLANG_WARN_UNREACHABLE_CODE = YES;
				CLANG_WARN__DUPLICATE_METHOD_MATCH = YES;
				COPY_PHASE_STRIP = NO;
				DEBUG_INFORMATION_FORMAT = dwarf;
				ENABLE_STRICT_OBJC_MSGSEND = YES;
				ENABLE_TESTABILITY = YES;
				GCC_C_LANGUAGE_STANDARD = gnu11;
				GCC_DYNAMIC_NO_PIC = NO;
				GCC_NO_COMMON_BLOCKS = YES;
				GCC_OPTIMIZATION_LEVEL = 0;
				GCC_PREPROCESSOR_DEFINITIONS = (
					"DEBUG=1",
					"$(inherited)",
				);
				GCC_WARN_64_TO_32_BIT_CONVERSION = YES;
				GCC_WARN_ABOUT_RETURN_TYPE = YES_ERROR;
				GCC_WARN_UNDECLARED_SELECTOR = YES;
				GCC_WARN_UNINITIALIZED_AUTOS = YES_AGGRESSIVE;
				GCC_WARN_UNUSED_FUNCTION = YES;
				GCC_WARN_UNUSED_VARIABLE = YES;
				IPHONEOS_DEPLOYMENT_TARGET = 13.2;
				MTL_ENABLE_DEBUG_INFO = INCLUDE_SOURCE;
				MTL_FAST_MATH = YES;
				ONLY_ACTIVE_ARCH = YES;
				SDKROOT = iphoneos;
				SWIFT_ACTIVE_COMPILATION_CONDITIONS = DEBUG;
				SWIFT_OPTIMIZATION_LEVEL = "-Onone";
			};
			name = Debug;
		};
		9FD746682473E15900454143 /* Release */ = {
			isa = XCBuildConfiguration;
			buildSettings = {
				ALWAYS_SEARCH_USER_PATHS = NO;
				CLANG_ANALYZER_NONNULL = YES;
				CLANG_ANALYZER_NUMBER_OBJECT_CONVERSION = YES_AGGRESSIVE;
				CLANG_CXX_LANGUAGE_STANDARD = "gnu++14";
				CLANG_CXX_LIBRARY = "libc++";
				CLANG_ENABLE_MODULES = YES;
				CLANG_ENABLE_OBJC_ARC = YES;
				CLANG_ENABLE_OBJC_WEAK = YES;
				CLANG_WARN_BLOCK_CAPTURE_AUTORELEASING = YES;
				CLANG_WARN_BOOL_CONVERSION = YES;
				CLANG_WARN_COMMA = YES;
				CLANG_WARN_CONSTANT_CONVERSION = YES;
				CLANG_WARN_DEPRECATED_OBJC_IMPLEMENTATIONS = YES;
				CLANG_WARN_DIRECT_OBJC_ISA_USAGE = YES_ERROR;
				CLANG_WARN_DOCUMENTATION_COMMENTS = YES;
				CLANG_WARN_EMPTY_BODY = YES;
				CLANG_WARN_ENUM_CONVERSION = YES;
				CLANG_WARN_INFINITE_RECURSION = YES;
				CLANG_WARN_INT_CONVERSION = YES;
				CLANG_WARN_NON_LITERAL_NULL_CONVERSION = YES;
				CLANG_WARN_OBJC_IMPLICIT_RETAIN_SELF = YES;
				CLANG_WARN_OBJC_LITERAL_CONVERSION = YES;
				CLANG_WARN_OBJC_ROOT_CLASS = YES_ERROR;
				CLANG_WARN_RANGE_LOOP_ANALYSIS = YES;
				CLANG_WARN_STRICT_PROTOTYPES = YES;
				CLANG_WARN_SUSPICIOUS_MOVE = YES;
				CLANG_WARN_UNGUARDED_AVAILABILITY = YES_AGGRESSIVE;
				CLANG_WARN_UNREACHABLE_CODE = YES;
				CLANG_WARN__DUPLICATE_METHOD_MATCH = YES;
				COPY_PHASE_STRIP = NO;
				DEBUG_INFORMATION_FORMAT = "dwarf-with-dsym";
				ENABLE_NS_ASSERTIONS = NO;
				ENABLE_STRICT_OBJC_MSGSEND = YES;
				GCC_C_LANGUAGE_STANDARD = gnu11;
				GCC_NO_COMMON_BLOCKS = YES;
				GCC_WARN_64_TO_32_BIT_CONVERSION = YES;
				GCC_WARN_ABOUT_RETURN_TYPE = YES_ERROR;
				GCC_WARN_UNDECLARED_SELECTOR = YES;
				GCC_WARN_UNINITIALIZED_AUTOS = YES_AGGRESSIVE;
				GCC_WARN_UNUSED_FUNCTION = YES;
				GCC_WARN_UNUSED_VARIABLE = YES;
				IPHONEOS_DEPLOYMENT_TARGET = 13.2;
				MTL_ENABLE_DEBUG_INFO = NO;
				MTL_FAST_MATH = YES;
				SDKROOT = iphoneos;
				SWIFT_COMPILATION_MODE = wholemodule;
				SWIFT_OPTIMIZATION_LEVEL = "-O";
				VALIDATE_PRODUCT = YES;
			};
			name = Release;
		};
		9FD7466A2473E15900454143 /* Debug */ = {
			isa = XCBuildConfiguration;
			buildSettings = {
				ASSETCATALOG_COMPILER_APPICON_NAME = AppIcon;
				CODE_SIGN_STYLE = Automatic;
				DEVELOPMENT_TEAM = W64W8UKVB6;
				INFOPLIST_FILE = "Currency Converter/AppFiles/Info.plist";
				LD_RUNPATH_SEARCH_PATHS = (
					"$(inherited)",
					"@executable_path/Frameworks",
				);
				PRODUCT_BUNDLE_IDENTIFIER = "sashaputsikovich.Currency-Converter";
				PRODUCT_NAME = "$(TARGET_NAME)";
				SWIFT_VERSION = 5.0;
				TARGETED_DEVICE_FAMILY = "1,2";
			};
			name = Debug;
		};
		9FD7466B2473E15900454143 /* Release */ = {
			isa = XCBuildConfiguration;
			buildSettings = {
				ASSETCATALOG_COMPILER_APPICON_NAME = AppIcon;
				CODE_SIGN_STYLE = Automatic;
				DEVELOPMENT_TEAM = W64W8UKVB6;
				INFOPLIST_FILE = "Currency Converter/AppFiles/Info.plist";
				LD_RUNPATH_SEARCH_PATHS = (
					"$(inherited)",
					"@executable_path/Frameworks",
				);
				PRODUCT_BUNDLE_IDENTIFIER = "sashaputsikovich.Currency-Converter";
				PRODUCT_NAME = "$(TARGET_NAME)";
				SWIFT_VERSION = 5.0;
				TARGETED_DEVICE_FAMILY = "1,2";
			};
			name = Release;
		};
/* End XCBuildConfiguration section */

/* Begin XCConfigurationList section */
		9FD7464D2473E15700454143 /* Build configuration list for PBXProject "Currency Converter" */ = {
			isa = XCConfigurationList;
			buildConfigurations = (
				9FD746672473E15900454143 /* Debug */,
				9FD746682473E15900454143 /* Release */,
			);
			defaultConfigurationIsVisible = 0;
			defaultConfigurationName = Release;
		};
		9FD746692473E15900454143 /* Build configuration list for PBXNativeTarget "Currency Converter" */ = {
			isa = XCConfigurationList;
			buildConfigurations = (
				9FD7466A2473E15900454143 /* Debug */,
				9FD7466B2473E15900454143 /* Release */,
			);
			defaultConfigurationIsVisible = 0;
			defaultConfigurationName = Release;
		};
/* End XCConfigurationList section */

/* Begin XCRemoteSwiftPackageReference section */
		9F7EB63B247EBB8200267D7D /* XCRemoteSwiftPackageReference "TweeTextField" */ = {
			isa = XCRemoteSwiftPackageReference;
			repositoryURL = "https://github.com/oleghnidets/TweeTextField.git";
			requirement = {
				kind = upToNextMajorVersion;
				minimumVersion = 1.6.3;
			};
		};
/* End XCRemoteSwiftPackageReference section */

/* Begin XCSwiftPackageProductDependency section */
		9F7EB63C247EBB8200267D7D /* TweeTextField */ = {
			isa = XCSwiftPackageProductDependency;
			package = 9F7EB63B247EBB8200267D7D /* XCRemoteSwiftPackageReference "TweeTextField" */;
			productName = TweeTextField;
		};
/* End XCSwiftPackageProductDependency section */

/* Begin XCVersionGroup section */
		9FD7465E2473E15700454143 /* Currency_Converter.xcdatamodeld */ = {
			isa = XCVersionGroup;
			children = (
				9FD7465F2473E15700454143 /* Currency_Converter.xcdatamodel */,
			);
			currentVersion = 9FD7465F2473E15700454143 /* Currency_Converter.xcdatamodel */;
			path = Currency_Converter.xcdatamodeld;
			sourceTree = "<group>";
			versionGroupType = wrapper.xcdatamodel;
		};
/* End XCVersionGroup section */
	};
	rootObject = 9FD7464A2473E15700454143 /* Project object */;
}
